
Microsoft Visual Studio Solution File, Format Version 12.00
# Visual Studio Version 17
VisualStudioVersion = 17.6.33815.320
MinimumVisualStudioVersion = 10.0.40219.1
Project("{FAE04EC0-301F-11D3-BF4B-00C04F79EFBC}") = "gyak12_hajos", "gyak12_hajos\gyak12_hajos.csproj", "{FB7F8CFF-253A-478F-BB9C-17AF8D699D6C}"
EndProject
Global
	GlobalSection(SolutionConfigurationPlatforms) = preSolution
		Debug|Any CPU = Debug|Any CPU
		Release|Any CPU = Release|Any CPU
	EndGlobalSection
	GlobalSection(ProjectConfigurationPlatforms) = postSolution
		{FB7F8CFF-253A-478F-BB9C-17AF8D699D6C}.Debug|Any CPU.ActiveCfg = Debug|Any CPU
		{FB7F8CFF-253A-478F-BB9C-17AF8D699D6C}.Debug|Any CPU.Build.0 = Debug|Any CPU
		{FB7F8CFF-253A-478F-BB9C-17AF8D699D6C}.Release|Any CPU.ActiveCfg = Release|Any CPU
		{FB7F8CFF-253A-478F-BB9C-17AF8D699D6C}.Release|Any CPU.Build.0 = Release|Any CPU
	EndGlobalSection
	GlobalSection(SolutionProperties) = preSolution
		HideSolutionNode = FALSE
	EndGlobalSection
	GlobalSection(ExtensibilityGlobals) = postSolution
		SolutionGuid = {5C368E33-4E34-42B0-9DF1-4B8B6606D6F0}
	EndGlobalSection
EndGlobal
